
Microsoft Visual Studio Solution File, Format Version 12.00
Project("{FAE04EC0-301F-11D3-BF4B-00C04F79EFBC}") = "class15", "class15\class15.csproj", "{501DF84C-3EB8-4AB5-8948-9A515E5E141B}"
EndProject
Global
	GlobalSection(SolutionConfigurationPlatforms) = preSolution
		Debug|Any CPU = Debug|Any CPU
		Release|Any CPU = Release|Any CPU
	EndGlobalSection
	GlobalSection(ProjectConfigurationPlatforms) = postSolution
		{501DF84C-3EB8-4AB5-8948-9A515E5E141B}.Debug|Any CPU.ActiveCfg = Debug|Any CPU
		{501DF84C-3EB8-4AB5-8948-9A515E5E141B}.Debug|Any CPU.Build.0 = Debug|Any CPU
		{501DF84C-3EB8-4AB5-8948-9A515E5E141B}.Release|Any CPU.ActiveCfg = Release|Any CPU
		{501DF84C-3EB8-4AB5-8948-9A515E5E141B}.Release|Any CPU.Build.0 = Release|Any CPU
	EndGlobalSection
EndGlobal
